
Microsoft Visual Studio Solution File, Format Version 12.00
# Visual Studio Version 17
VisualStudioVersion = 17.8.34330.188
MinimumVisualStudioVersion = 10.0.40219.1
Project("{9A19103F-16F7-4668-BE54-9A1E7A4F7556}") = "01_Clase_Console", "01_Clase_Console\01_Clase_Console.csproj", "{017FFCC1-C886-4998-B420-36648F8AE105}"
EndProject
Project("{9A19103F-16F7-4668-BE54-9A1E7A4F7556}") = "01_Clase_Form", "Actividad1\01_Clase_Form.csproj", "{C94E8A51-1F5B-4A0C-80B2-18BD4031E4C3}"
EndProject
Project("{9A19103F-16F7-4668-BE54-9A1E7A4F7556}") = "02_Clase_FormLogin", "02_Clase_FormLogin\02_Clase_FormLogin.csproj", "{3B630CB8-DDFD-4D79-AD89-E67E18CB233A}"
EndProject
Project("{9A19103F-16F7-4668-BE54-9A1E7A4F7556}") = "02_Clase_Console", "02_Clase_Console\02_Clase_Console.csproj", "{47E495DA-8D5A-4E92-BD86-7178018BCADE}"
EndProject
Project("{9A19103F-16F7-4668-BE54-9A1E7A4F7556}") = "03_ArticulosLimpiezaTienda", "TiendaArticulosLimpieza\03_ArticulosLimpiezaTienda.csproj", "{50736F77-5496-40FF-9EE8-ADBAAD5C3138}"
EndProject
Project("{9A19103F-16F7-4668-BE54-9A1E7A4F7556}") = "03_Ejer1After_1", "ejer1After\03_Ejer1After_1.csproj", "{F7849AF3-9CF4-4396-A43C-30B0BF957659}"
EndProject
Project("{9A19103F-16F7-4668-BE54-9A1E7A4F7556}") = "03_Ejer1After_2", "03_EjercicioAfter_02\03_Ejer1After_2.csproj", "{81CC01B0-1390-4A58-9C1E-763F75D85105}"
EndProject
Project("{9A19103F-16F7-4668-BE54-9A1E7A4F7556}") = "03_Ejer1After_3", "VerificarIntervalo\03_Ejer1After_3.csproj", "{07F05B74-618C-403A-BED7-80DC22A22A6B}"
EndProject
Project("{9A19103F-16F7-4668-BE54-9A1E7A4F7556}") = "03_Ejer1After_4", "03_Ejer1After_4\03_Ejer1After_4.csproj", "{2137583E-09F4-43B3-A4A1-C457CD4200A5}"
EndProject
Project("{9A19103F-16F7-4668-BE54-9A1E7A4F7556}") = "04_ClassProducto", "04_EjemClases\04_ClassProducto.csproj", "{E8B122B6-128F-4464-8044-938F6F18D950}"
EndProject
Project("{9A19103F-16F7-4668-BE54-9A1E7A4F7556}") = "05_UserLogin", "05UserLogin\05_UserLogin.csproj", "{33475FDF-9021-42BE-BEE8-DA9BE35E7CA6}"
EndProject
Project("{9A19103F-16F7-4668-BE54-9A1E7A4F7556}") = "00_Projecto_Final", "00_Projecto_Final\00_Projecto_Final.csproj", "{A4A51FC4-2241-45FE-808B-639D8A51FE56}"
EndProject
Project("{9A19103F-16F7-4668-BE54-9A1E7A4F7556}") = "06_ListasWF", "06_ListasWF\06_ListasWF.csproj", "{5358627F-0AEB-4820-A99D-47BFDDCC52C9}"
EndProject
Project("{9A19103F-16F7-4668-BE54-9A1E7A4F7556}") = "07_Dict", "07_Dict\07_Dict.csproj", "{3DF5A19F-BBF4-448B-8911-B98ACD4BBCB3}"
EndProject
Project("{FAE04EC0-301F-11D3-BF4B-00C04F79EFBC}") = "08_DGV_List", "08_DGV_List\08_DGV_List.csproj", "{BBEF7DA5-D523-4E1B-8D92-CE3F4827CC9E}"
EndProject
Global
	GlobalSection(SolutionConfigurationPlatforms) = preSolution
		Debug|Any CPU = Debug|Any CPU
		Release|Any CPU = Release|Any CPU
	EndGlobalSection
	GlobalSection(ProjectConfigurationPlatforms) = postSolution
		{017FFCC1-C886-4998-B420-36648F8AE105}.Debug|Any CPU.ActiveCfg = Debug|Any CPU
		{017FFCC1-C886-4998-B420-36648F8AE105}.Debug|Any CPU.Build.0 = Debug|Any CPU
		{017FFCC1-C886-4998-B420-36648F8AE105}.Release|Any CPU.ActiveCfg = Release|Any CPU
		{017FFCC1-C886-4998-B420-36648F8AE105}.Release|Any CPU.Build.0 = Release|Any CPU
		{C94E8A51-1F5B-4A0C-80B2-18BD4031E4C3}.Debug|Any CPU.ActiveCfg = Debug|Any CPU
		{C94E8A51-1F5B-4A0C-80B2-18BD4031E4C3}.Debug|Any CPU.Build.0 = Debug|Any CPU
		{C94E8A51-1F5B-4A0C-80B2-18BD4031E4C3}.Release|Any CPU.ActiveCfg = Release|Any CPU
		{C94E8A51-1F5B-4A0C-80B2-18BD4031E4C3}.Release|Any CPU.Build.0 = Release|Any CPU
		{3B630CB8-DDFD-4D79-AD89-E67E18CB233A}.Debug|Any CPU.ActiveCfg = Debug|Any CPU
		{3B630CB8-DDFD-4D79-AD89-E67E18CB233A}.Debug|Any CPU.Build.0 = Debug|Any CPU
		{3B630CB8-DDFD-4D79-AD89-E67E18CB233A}.Release|Any CPU.ActiveCfg = Release|Any CPU
		{3B630CB8-DDFD-4D79-AD89-E67E18CB233A}.Release|Any CPU.Build.0 = Release|Any CPU
		{47E495DA-8D5A-4E92-BD86-7178018BCADE}.Debug|Any CPU.ActiveCfg = Debug|Any CPU
		{47E495DA-8D5A-4E92-BD86-7178018BCADE}.Debug|Any CPU.Build.0 = Debug|Any CPU
		{47E495DA-8D5A-4E92-BD86-7178018BCADE}.Release|Any CPU.ActiveCfg = Release|Any CPU
		{47E495DA-8D5A-4E92-BD86-7178018BCADE}.Release|Any CPU.Build.0 = Release|Any CPU
		{50736F77-5496-40FF-9EE8-ADBAAD5C3138}.Debug|Any CPU.ActiveCfg = Debug|Any CPU
		{50736F77-5496-40FF-9EE8-ADBAAD5C3138}.Debug|Any CPU.Build.0 = Debug|Any CPU
		{50736F77-5496-40FF-9EE8-ADBAAD5C3138}.Release|Any CPU.ActiveCfg = Release|Any CPU
		{50736F77-5496-40FF-9EE8-ADBAAD5C3138}.Release|Any CPU.Build.0 = Release|Any CPU
		{F7849AF3-9CF4-4396-A43C-30B0BF957659}.Debug|Any CPU.ActiveCfg = Debug|Any CPU
		{F7849AF3-9CF4-4396-A43C-30B0BF957659}.Debug|Any CPU.Build.0 = Debug|Any CPU
		{F7849AF3-9CF4-4396-A43C-30B0BF957659}.Release|Any CPU.ActiveCfg = Release|Any CPU
		{F7849AF3-9CF4-4396-A43C-30B0BF957659}.Release|Any CPU.Build.0 = Release|Any CPU
		{81CC01B0-1390-4A58-9C1E-763F75D85105}.Debug|Any CPU.ActiveCfg = Debug|Any CPU
		{81CC01B0-1390-4A58-9C1E-763F75D85105}.Debug|Any CPU.Build.0 = Debug|Any CPU
		{81CC01B0-1390-4A58-9C1E-763F75D85105}.Release|Any CPU.ActiveCfg = Release|Any CPU
		{81CC01B0-1390-4A58-9C1E-763F75D85105}.Release|Any CPU.Build.0 = Release|Any CPU
		{07F05B74-618C-403A-BED7-80DC22A22A6B}.Debug|Any CPU.ActiveCfg = Debug|Any CPU
		{07F05B74-618C-403A-BED7-80DC22A22A6B}.Debug|Any CPU.Build.0 = Debug|Any CPU
		{07F05B74-618C-403A-BED7-80DC22A22A6B}.Release|Any CPU.ActiveCfg = Release|Any CPU
		{07F05B74-618C-403A-BED7-80DC22A22A6B}.Release|Any CPU.Build.0 = Release|Any CPU
		{2137583E-09F4-43B3-A4A1-C457CD4200A5}.Debug|Any CPU.ActiveCfg = Debug|Any CPU
		{2137583E-09F4-43B3-A4A1-C457CD4200A5}.Debug|Any CPU.Build.0 = Debug|Any CPU
		{2137583E-09F4-43B3-A4A1-C457CD4200A5}.Release|Any CPU.ActiveCfg = Release|Any CPU
		{2137583E-09F4-43B3-A4A1-C457CD4200A5}.Release|Any CPU.Build.0 = Release|Any CPU
		{E8B122B6-128F-4464-8044-938F6F18D950}.Debug|Any CPU.ActiveCfg = Debug|Any CPU
		{E8B122B6-128F-4464-8044-938F6F18D950}.Debug|Any CPU.Build.0 = Debug|Any CPU
		{E8B122B6-128F-4464-8044-938F6F18D950}.Release|Any CPU.ActiveCfg = Release|Any CPU
		{E8B122B6-128F-4464-8044-938F6F18D950}.Release|Any CPU.Build.0 = Release|Any CPU
		{33475FDF-9021-42BE-BEE8-DA9BE35E7CA6}.Debug|Any CPU.ActiveCfg = Debug|Any CPU
		{33475FDF-9021-42BE-BEE8-DA9BE35E7CA6}.Debug|Any CPU.Build.0 = Debug|Any CPU
		{33475FDF-9021-42BE-BEE8-DA9BE35E7CA6}.Release|Any CPU.ActiveCfg = Release|Any CPU
		{33475FDF-9021-42BE-BEE8-DA9BE35E7CA6}.Release|Any CPU.Build.0 = Release|Any CPU
		{A4A51FC4-2241-45FE-808B-639D8A51FE56}.Debug|Any CPU.ActiveCfg = Debug|Any CPU
		{A4A51FC4-2241-45FE-808B-639D8A51FE56}.Debug|Any CPU.Build.0 = Debug|Any CPU
		{A4A51FC4-2241-45FE-808B-639D8A51FE56}.Release|Any CPU.ActiveCfg = Release|Any CPU
		{A4A51FC4-2241-45FE-808B-639D8A51FE56}.Release|Any CPU.Build.0 = Release|Any CPU
		{5358627F-0AEB-4820-A99D-47BFDDCC52C9}.Debug|Any CPU.ActiveCfg = Debug|Any CPU
		{5358627F-0AEB-4820-A99D-47BFDDCC52C9}.Debug|Any CPU.Build.0 = Debug|Any CPU
		{5358627F-0AEB-4820-A99D-47BFDDCC52C9}.Release|Any CPU.ActiveCfg = Release|Any CPU
		{5358627F-0AEB-4820-A99D-47BFDDCC52C9}.Release|Any CPU.Build.0 = Release|Any CPU
		{3DF5A19F-BBF4-448B-8911-B98ACD4BBCB3}.Debug|Any CPU.ActiveCfg = Debug|Any CPU
		{3DF5A19F-BBF4-448B-8911-B98ACD4BBCB3}.Debug|Any CPU.Build.0 = Debug|Any CPU
		{3DF5A19F-BBF4-448B-8911-B98ACD4BBCB3}.Release|Any CPU.ActiveCfg = Release|Any CPU
		{3DF5A19F-BBF4-448B-8911-B98ACD4BBCB3}.Release|Any CPU.Build.0 = Release|Any CPU
		{BBEF7DA5-D523-4E1B-8D92-CE3F4827CC9E}.Debug|Any CPU.ActiveCfg = Debug|Any CPU
		{BBEF7DA5-D523-4E1B-8D92-CE3F4827CC9E}.Debug|Any CPU.Build.0 = Debug|Any CPU
		{BBEF7DA5-D523-4E1B-8D92-CE3F4827CC9E}.Release|Any CPU.ActiveCfg = Release|Any CPU
		{BBEF7DA5-D523-4E1B-8D92-CE3F4827CC9E}.Release|Any CPU.Build.0 = Release|Any CPU
	EndGlobalSection
	GlobalSection(SolutionProperties) = preSolution
		HideSolutionNode = FALSE
	EndGlobalSection
	GlobalSection(ExtensibilityGlobals) = postSolution
		SolutionGuid = {6D5D392E-32D5-48AE-B607-61FB1933E181}
	EndGlobalSection
EndGlobal
